
Microsoft Visual Studio Solution File, Format Version 12.00
# Visual Studio Version 18
VisualStudioVersion = 18.0.11205.157
MinimumVisualStudioVersion = 10.0.40219.1
Project("{FAE04EC0-301F-11D3-BF4B-00C04F79EFBC}") = "WinPaletter", "WinPaletter\WinPaletter.csproj", "{53965879-6567-4181-B551-04534B0D0F2B}"
EndProject
Project("{2150E333-8FDC-42A3-9474-1A3956D46DE8}") = "Solution Items", "Solution Items", "{3293D107-A681-4D70-83FC-20988DB698C0}"
	ProjectSection(SolutionItems) = preProject
		.editorconfig = .editorconfig
	EndProjectSection
EndProject
Project("{FAE04EC0-301F-11D3-BF4B-00C04F79EFBC}") = "WinPaletter.SysEventsSounds", "WinPaletter.SysEventsSounds\WinPaletter.SysEventsSounds.csproj", "{C1E51D35-A55A-4CF5-ABFC-74C2DDC7DD7B}"
EndProject
Global
	GlobalSection(SolutionConfigurationPlatforms) = preSolution
		Debug|Any CPU = Debug|Any CPU
		Release|Any CPU = Release|Any CPU
	EndGlobalSection
	GlobalSection(ProjectConfigurationPlatforms) = postSolution
		{53965879-6567-4181-B551-04534B0D0F2B}.Debug|Any CPU.ActiveCfg = Debug|Any CPU
		{53965879-6567-4181-B551-04534B0D0F2B}.Debug|Any CPU.Build.0 = Debug|Any CPU
		{53965879-6567-4181-B551-04534B0D0F2B}.Release|Any CPU.ActiveCfg = Release|Any CPU
		{53965879-6567-4181-B551-04534B0D0F2B}.Release|Any CPU.Build.0 = Release|Any CPU
		{C1E51D35-A55A-4CF5-ABFC-74C2DDC7DD7B}.Debug|Any CPU.ActiveCfg = Debug|Any CPU
		{C1E51D35-A55A-4CF5-ABFC-74C2DDC7DD7B}.Debug|Any CPU.Build.0 = Debug|Any CPU
		{C1E51D35-A55A-4CF5-ABFC-74C2DDC7DD7B}.Release|Any CPU.ActiveCfg = Release|Any CPU
		{C1E51D35-A55A-4CF5-ABFC-74C2DDC7DD7B}.Release|Any CPU.Build.0 = Release|Any CPU
	EndGlobalSection
	GlobalSection(SolutionProperties) = preSolution
		HideSolutionNode = FALSE
	EndGlobalSection
	GlobalSection(ExtensibilityGlobals) = postSolution
		SolutionGuid = {BDE40B41-D582-4B6A-A5B5-CE8BEEEFF3D7}
	EndGlobalSection
EndGlobal
