
Microsoft Visual Studio Solution File, Format Version 12.00
# Visual Studio Version 17
VisualStudioVersion = 17.5.33627.172
MinimumVisualStudioVersion = 10.0.40219.1
Project("{F184B08F-C81C-45F6-A57F-5ABD9991F28F}") = "WinPaletter Converter", "WinPaletter Converter\WinPaletter Converter.vbproj", "{347F93F4-D63C-431E-89B6-871CA6FFCC7F}"
EndProject
Global
	GlobalSection(SolutionConfigurationPlatforms) = preSolution
		Debug|Any CPU = Debug|Any CPU
		Release|Any CPU = Release|Any CPU
	EndGlobalSection
	GlobalSection(ProjectConfigurationPlatforms) = postSolution
		{347F93F4-D63C-431E-89B6-871CA6FFCC7F}.Debug|Any CPU.ActiveCfg = Debug|Any CPU
		{347F93F4-D63C-431E-89B6-871CA6FFCC7F}.Debug|Any CPU.Build.0 = Debug|Any CPU
		{347F93F4-D63C-431E-89B6-871CA6FFCC7F}.Release|Any CPU.ActiveCfg = Release|Any CPU
		{347F93F4-D63C-431E-89B6-871CA6FFCC7F}.Release|Any CPU.Build.0 = Release|Any CPU
	EndGlobalSection
	GlobalSection(SolutionProperties) = preSolution
		HideSolutionNode = FALSE
	EndGlobalSection
	GlobalSection(ExtensibilityGlobals) = postSolution
		SolutionGuid = {CE54BC88-3AF0-45A2-887E-2E5B44DE33F1}
	EndGlobalSection
EndGlobal
