
Microsoft Visual Studio Solution File, Format Version 12.00
# Visual Studio Version 17
VisualStudioVersion = 17.7.34202.233
MinimumVisualStudioVersion = 10.0.40219.1
Project("{FAE04EC0-301F-11D3-BF4B-00C04F79EFBC}") = "WinPaletter.Elevator", "WinPaletter.Elevator.csproj", "{5449E20A-B81D-45B7-B843-165F1C08B3C6}"
EndProject
Global
	GlobalSection(SolutionConfigurationPlatforms) = preSolution
		Debug|Any CPU = Debug|Any CPU
		Release|Any CPU = Release|Any CPU
	EndGlobalSection
	GlobalSection(ProjectConfigurationPlatforms) = postSolution
		{5449E20A-B81D-45B7-B843-165F1C08B3C6}.Debug|Any CPU.ActiveCfg = Debug|Any CPU
		{5449E20A-B81D-45B7-B843-165F1C08B3C6}.Debug|Any CPU.Build.0 = Debug|Any CPU
		{5449E20A-B81D-45B7-B843-165F1C08B3C6}.Release|Any CPU.ActiveCfg = Release|Any CPU
		{5449E20A-B81D-45B7-B843-165F1C08B3C6}.Release|Any CPU.Build.0 = Release|Any CPU
	EndGlobalSection
	GlobalSection(SolutionProperties) = preSolution
		HideSolutionNode = FALSE
	EndGlobalSection
	GlobalSection(ExtensibilityGlobals) = postSolution
		SolutionGuid = {B231C5C6-5B7B-43AB-9CB7-03E4E449B174}
	EndGlobalSection
EndGlobal
